
Microsoft Visual Studio Solution File, Format Version 12.00
# Visual Studio Version 16
VisualStudioVersion = 16.0.30621.155
MinimumVisualStudioVersion = 10.0.40219.1
Project("{FAE04EC0-301F-11D3-BF4B-00C04F79EFBC}") = "SeoChecker", "SeoChecker\SeoChecker.csproj", "{3AFC4CAD-EA7F-44A5-B5C1-362EFB25FDEA}"
EndProject
Global
	GlobalSection(SolutionConfigurationPlatforms) = preSolution
		Debug|Any CPU = Debug|Any CPU
		Release|Any CPU = Release|Any CPU
	EndGlobalSection
	GlobalSection(ProjectConfigurationPlatforms) = postSolution
		{3AFC4CAD-EA7F-44A5-B5C1-362EFB25FDEA}.Debug|Any CPU.ActiveCfg = Debug|Any CPU
		{3AFC4CAD-EA7F-44A5-B5C1-362EFB25FDEA}.Debug|Any CPU.Build.0 = Debug|Any CPU
		{3AFC4CAD-EA7F-44A5-B5C1-362EFB25FDEA}.Release|Any CPU.ActiveCfg = Release|Any CPU
		{3AFC4CAD-EA7F-44A5-B5C1-362EFB25FDEA}.Release|Any CPU.Build.0 = Release|Any CPU
	EndGlobalSection
	GlobalSection(SolutionProperties) = preSolution
		HideSolutionNode = FALSE
	EndGlobalSection
	GlobalSection(ExtensibilityGlobals) = postSolution
		SolutionGuid = {72C8FE7D-CA8F-4E49-AF13-A0C5962C1223}
	EndGlobalSection
EndGlobal
